
Microsoft Visual Studio Solution File, Format Version 10.00
# Visual Studio 2008
Project("{FAE04EC0-301F-11D3-BF4B-00C04F79EFBC}") = "invsys.Mobile.Embarques", "invsys.Mobile.Embarques\invsys.Mobile.Embarques.csproj", "{71C9D17A-9A61-40CC-B3FB-8BFA34781AC1}"
EndProject
Global
	GlobalSection(SolutionConfigurationPlatforms) = preSolution
		Debug|Any CPU = Debug|Any CPU
		Release|Any CPU = Release|Any CPU
	EndGlobalSection
	GlobalSection(ProjectConfigurationPlatforms) = postSolution
		{71C9D17A-9A61-40CC-B3FB-8BFA34781AC1}.Debug|Any CPU.ActiveCfg = Debug|Any CPU
		{71C9D17A-9A61-40CC-B3FB-8BFA34781AC1}.Debug|Any CPU.Build.0 = Debug|Any CPU
		{71C9D17A-9A61-40CC-B3FB-8BFA34781AC1}.Debug|Any CPU.Deploy.0 = Debug|Any CPU
		{71C9D17A-9A61-40CC-B3FB-8BFA34781AC1}.Release|Any CPU.ActiveCfg = Release|Any CPU
		{71C9D17A-9A61-40CC-B3FB-8BFA34781AC1}.Release|Any CPU.Build.0 = Release|Any CPU
		{71C9D17A-9A61-40CC-B3FB-8BFA34781AC1}.Release|Any CPU.Deploy.0 = Release|Any CPU
	EndGlobalSection
	GlobalSection(SolutionProperties) = preSolution
		HideSolutionNode = FALSE
	EndGlobalSection
EndGlobal
